
Microsoft Visual Studio Solution File, Format Version 12.00
# Visual Studio Version 16
VisualStudioVersion = 16.0.31205.134
MinimumVisualStudioVersion = 10.0.40219.1
Project("{9A19103F-16F7-4668-BE54-9A1E7A4F7556}") = "ppedv.Cooky.Model", "ppedv.Cooky.Model\ppedv.Cooky.Model.csproj", "{7A9B67C4-3A4B-42CC-8CF2-9410162DE7FE}"
EndProject
Project("{9A19103F-16F7-4668-BE54-9A1E7A4F7556}") = "ppedv.Cooky.Data.EFCore", "ppedv.Cooky.Data.EFCore\ppedv.Cooky.Data.EFCore.csproj", "{84CA4226-781C-42B7-98FF-43D73087DBF9}"
EndProject
Project("{9A19103F-16F7-4668-BE54-9A1E7A4F7556}") = "ppedv.Cooky.Data.EFCore.Tests", "ppedv.Cooky.Data.EFCore.Tests\ppedv.Cooky.Data.EFCore.Tests.csproj", "{A85C0069-BC01-4743-8B0C-4A913A93F671}"
EndProject
Project("{9A19103F-16F7-4668-BE54-9A1E7A4F7556}") = "ppedv.Cooky.Logic", "ppedv.Cooky.Logic\ppedv.Cooky.Logic.csproj", "{17A33E2F-14ED-4558-A75F-AC519675213A}"
EndProject
Project("{9A19103F-16F7-4668-BE54-9A1E7A4F7556}") = "ppedv.Cooky.UI.DevConsole", "ppedv.Cooky.UI.DevConsole\ppedv.Cooky.UI.DevConsole.csproj", "{245793D1-519A-49FB-B902-AAA17DAFCC65}"
EndProject
Project("{FAE04EC0-301F-11D3-BF4B-00C04F79EFBC}") = "ppedv.Cooky.Logic.Tests", "ppedv.Cooky.Logic.Tests\ppedv.Cooky.Logic.Tests.csproj", "{2DF20A39-C599-46DA-B0DC-9E8355402A63}"
EndProject
Global
	GlobalSection(SolutionConfigurationPlatforms) = preSolution
		Debug|Any CPU = Debug|Any CPU
		Release|Any CPU = Release|Any CPU
	EndGlobalSection
	GlobalSection(ProjectConfigurationPlatforms) = postSolution
		{7A9B67C4-3A4B-42CC-8CF2-9410162DE7FE}.Debug|Any CPU.ActiveCfg = Debug|Any CPU
		{7A9B67C4-3A4B-42CC-8CF2-9410162DE7FE}.Debug|Any CPU.Build.0 = Debug|Any CPU
		{7A9B67C4-3A4B-42CC-8CF2-9410162DE7FE}.Release|Any CPU.ActiveCfg = Release|Any CPU
		{7A9B67C4-3A4B-42CC-8CF2-9410162DE7FE}.Release|Any CPU.Build.0 = Release|Any CPU
		{84CA4226-781C-42B7-98FF-43D73087DBF9}.Debug|Any CPU.ActiveCfg = Debug|Any CPU
		{84CA4226-781C-42B7-98FF-43D73087DBF9}.Debug|Any CPU.Build.0 = Debug|Any CPU
		{84CA4226-781C-42B7-98FF-43D73087DBF9}.Release|Any CPU.ActiveCfg = Release|Any CPU
		{84CA4226-781C-42B7-98FF-43D73087DBF9}.Release|Any CPU.Build.0 = Release|Any CPU
		{A85C0069-BC01-4743-8B0C-4A913A93F671}.Debug|Any CPU.ActiveCfg = Debug|Any CPU
		{A85C0069-BC01-4743-8B0C-4A913A93F671}.Debug|Any CPU.Build.0 = Debug|Any CPU
		{A85C0069-BC01-4743-8B0C-4A913A93F671}.Release|Any CPU.ActiveCfg = Release|Any CPU
		{A85C0069-BC01-4743-8B0C-4A913A93F671}.Release|Any CPU.Build.0 = Release|Any CPU
		{17A33E2F-14ED-4558-A75F-AC519675213A}.Debug|Any CPU.ActiveCfg = Debug|Any CPU
		{17A33E2F-14ED-4558-A75F-AC519675213A}.Debug|Any CPU.Build.0 = Debug|Any CPU
		{17A33E2F-14ED-4558-A75F-AC519675213A}.Release|Any CPU.ActiveCfg = Release|Any CPU
		{17A33E2F-14ED-4558-A75F-AC519675213A}.Release|Any CPU.Build.0 = Release|Any CPU
		{245793D1-519A-49FB-B902-AAA17DAFCC65}.Debug|Any CPU.ActiveCfg = Debug|Any CPU
		{245793D1-519A-49FB-B902-AAA17DAFCC65}.Debug|Any CPU.Build.0 = Debug|Any CPU
		{245793D1-519A-49FB-B902-AAA17DAFCC65}.Release|Any CPU.ActiveCfg = Release|Any CPU
		{245793D1-519A-49FB-B902-AAA17DAFCC65}.Release|Any CPU.Build.0 = Release|Any CPU
		{2DF20A39-C599-46DA-B0DC-9E8355402A63}.Debug|Any CPU.ActiveCfg = Debug|Any CPU
		{2DF20A39-C599-46DA-B0DC-9E8355402A63}.Debug|Any CPU.Build.0 = Debug|Any CPU
		{2DF20A39-C599-46DA-B0DC-9E8355402A63}.Release|Any CPU.ActiveCfg = Release|Any CPU
		{2DF20A39-C599-46DA-B0DC-9E8355402A63}.Release|Any CPU.Build.0 = Release|Any CPU
	EndGlobalSection
	GlobalSection(SolutionProperties) = preSolution
		HideSolutionNode = FALSE
	EndGlobalSection
	GlobalSection(ExtensibilityGlobals) = postSolution
		SolutionGuid = {49F4B661-692A-44DC-8F8C-EE5BD5EF5876}
	EndGlobalSection
EndGlobal
